
Microsoft Visual Studio Solution File, Format Version 12.00
# Visual Studio Version 17
VisualStudioVersion = 17.1.32319.34
MinimumVisualStudioVersion = 10.0.40219.1
Project("{9A19103F-16F7-4668-BE54-9A1E7A4F7556}") = "05_Site", "05_Site\05_Site.csproj", "{AD7F626D-9053-4725-9ACF-55F2226ACDD7}"
EndProject
Project("{FAE04EC0-301F-11D3-BF4B-00C04F79EFBC}") = "01_Html", "01_Html\01_Html.csproj", "{832E1472-B05D-41BF-9E81-16A6F57202B4}"
EndProject
Global
	GlobalSection(SolutionConfigurationPlatforms) = preSolution
		Debug|Any CPU = Debug|Any CPU
		Release|Any CPU = Release|Any CPU
	EndGlobalSection
	GlobalSection(ProjectConfigurationPlatforms) = postSolution
		{AD7F626D-9053-4725-9ACF-55F2226ACDD7}.Debug|Any CPU.ActiveCfg = Debug|Any CPU
		{AD7F626D-9053-4725-9ACF-55F2226ACDD7}.Debug|Any CPU.Build.0 = Debug|Any CPU
		{AD7F626D-9053-4725-9ACF-55F2226ACDD7}.Release|Any CPU.ActiveCfg = Release|Any CPU
		{AD7F626D-9053-4725-9ACF-55F2226ACDD7}.Release|Any CPU.Build.0 = Release|Any CPU
		{832E1472-B05D-41BF-9E81-16A6F57202B4}.Debug|Any CPU.ActiveCfg = Debug|Any CPU
		{832E1472-B05D-41BF-9E81-16A6F57202B4}.Debug|Any CPU.Build.0 = Debug|Any CPU
		{832E1472-B05D-41BF-9E81-16A6F57202B4}.Release|Any CPU.ActiveCfg = Release|Any CPU
		{832E1472-B05D-41BF-9E81-16A6F57202B4}.Release|Any CPU.Build.0 = Release|Any CPU
	EndGlobalSection
	GlobalSection(SolutionProperties) = preSolution
		HideSolutionNode = FALSE
	EndGlobalSection
	GlobalSection(ExtensibilityGlobals) = postSolution
		SolutionGuid = {0D3F8C35-B339-4128-8E5D-5FD44ECAD3D2}
	EndGlobalSection
EndGlobal
